PODS:
  - 1PasswordExtension (1.8.4)
  - Alamofire (4.5.0)
  - Siren (2.0.6)
  - SwiftyJSON (3.1.4)
  - TRON (3.0.3):
    - Alamofire (~> 4.1)
    - TRON/SwiftyJSON (= 3.0.3)
  - TRON/Core (3.0.3):
    - Alamofire (~> 4.1)
  - TRON/SwiftyJSON (3.0.3):
    - Alamofire (~> 4.1)
    - SwiftyJSON (~> 3.1)
    - TRON/Core

DEPENDENCIES:
  - 1PasswordExtension
  - Alamofire
  - Siren
  - SwiftyJSON
  - TRON

SPEC CHECKSUMS:
  1PasswordExtension: e775a29310c65851e5a6cec1afc349ab4e334e47
  Alamofire: f28cdffd29de33a7bfa022cbd63ae95a27fae140
  Siren: fae83cda4d08373982313ba64873035e7c1bab40
  SwiftyJSON: c2842d878f95482ffceec5709abc3d05680c0220
  TRON: dd43f2d37b70ae245e5fef4a52f1ab8a5eaac3a5

PODFILE CHECKSUM: 8a1784fd0b3e9dfa986e2bf2304d27845d6f0c15

COCOAPODS: 1.3.0
