PODS:
  - 1PasswordExtension (1.8.4)
  - Alamofire (4.3.0)
  - Siren (1.2.5)
  - SwiftyJSON (3.1.4)
  - TRON (2.0.1):
    - Alamofire (~> 4.1)
    - TRON/SwiftyJSON (= 2.0.1)
  - TRON/Core (2.0.1):
    - Alamofire (~> 4.1)
  - TRON/SwiftyJSON (2.0.1):
    - Alamofire (~> 4.1)
    - SwiftyJSON (~> 3.1)
    - TRON/Core

DEPENDENCIES:
  - 1PasswordExtension
  - Alamofire
  - Siren
  - SwiftyJSON
  - TRON

SPEC CHECKSUMS:
  1PasswordExtension: e775a29310c65851e5a6cec1afc349ab4e334e47
  Alamofire: 856a113053a7bc9cbe5d6367a555d773fc5cfef7
  Siren: dc310d3166abd771f279ff8b779ca84cbbb4ad30
  SwiftyJSON: c2842d878f95482ffceec5709abc3d05680c0220
  TRON: 7b9adeb678fe0e25433d207f6a734aaf145fa9b5

PODFILE CHECKSUM: 8a1784fd0b3e9dfa986e2bf2304d27845d6f0c15

COCOAPODS: 1.2.0
